
Microsoft Visual Studio Solution File, Format Version 12.00
# Visual Studio Version 16
VisualStudioVersion = 16.0.33027.164
MinimumVisualStudioVersion = 10.0.40219.1
Project("{FAE04EC0-301F-11D3-BF4B-00C04F79EFBC}") = "Mvc_CURD_Operation", "Mvc_CURD_Operation\Mvc_CURD_Operation.csproj", "{04F94BBE-693E-4568-8268-9D0819277344}"
EndProject
Global
	GlobalSection(SolutionConfigurationPlatforms) = preSolution
		Debug|Any CPU = Debug|Any CPU
		Release|Any CPU = Release|Any CPU
	EndGlobalSection
	GlobalSection(ProjectConfigurationPlatforms) = postSolution
		{04F94BBE-693E-4568-8268-9D0819277344}.Debug|Any CPU.ActiveCfg = Debug|Any CPU
		{04F94BBE-693E-4568-8268-9D0819277344}.Debug|Any CPU.Build.0 = Debug|Any CPU
		{04F94BBE-693E-4568-8268-9D0819277344}.Release|Any CPU.ActiveCfg = Release|Any CPU
		{04F94BBE-693E-4568-8268-9D0819277344}.Release|Any CPU.Build.0 = Release|Any CPU
	EndGlobalSection
	GlobalSection(SolutionProperties) = preSolution
		HideSolutionNode = FALSE
	EndGlobalSection
	GlobalSection(ExtensibilityGlobals) = postSolution
		SolutionGuid = {6633487A-1DCA-4B34-9B76-DA5DAB5EB0A4}
	EndGlobalSection
EndGlobal
